// !$*UTF8*$!
{
	archiveVersion = 1;
	classes = {
	};
	objectVersion = 46;
	objects = {

/* Begin PBXBuildFile section */
		ABBCCB9E1D6D30DD00485B06 /* AppDelegate.swift in Sources */ = {isa = PBXBuildFile; fileRef = ABBCCB9D1D6D30DD00485B06 /* AppDelegate.swift */; };
		ABBCCBA01D6D30DD00485B06 /* ViewController.swift in Sources */ = {isa = PBXBuildFile; fileRef = ABBCCB9F1D6D30DD00485B06 /* ViewController.swift */; };
		ABBCCBA31D6D30DD00485B06 /* Main.storyboard in Resources */ = {isa = PBXBuildFile; fileRef = ABBCCBA11D6D30DD00485B06 /* Main.storyboard */; };
		ABBCCBA51D6D30DD00485B06 /* Assets.xcassets in Resources */ = {isa = PBXBuildFile; fileRef = ABBCCBA41D6D30DD00485B06 /* Assets.xcassets */; };
		ABBCCBA81D6D30DD00485B06 /* LaunchScreen.storyboard in Resources */ = {isa = PBXBuildFile; fileRef = ABBCCBA61D6D30DD00485B06 /* LaunchScreen.storyboard */; };
		ABBCCBB31D6D30DD00485B06 /* project_harambeTests.swift in Sources */ = {isa = PBXBuildFile; fileRef = ABBCCBB21D6D30DD00485B06 /* project_harambeTests.swift */; };
/* End PBXBuildFile section */

/* Begin PBXContainerItemProxy section */
		ABBCCBAF1D6D30DD00485B06 /* PBXContainerItemProxy */ = {
			isa = PBXContainerItemProxy;
			containerPortal = ABBCCB921D6D30DD00485B06 /* Project object */;
			proxyType = 1;
			remoteGlobalIDString = ABBCCB991D6D30DD00485B06;
			remoteInfo = "project-harambe";
		};
/* End PBXContainerItemProxy section */

/* Begin PBXFileReference section */
		ABBCCB9A1D6D30DD00485B06 /* project-harambe.app */ = {isa = PBXFileReference; explicitFileType = wrapper.application; includeInIndex = 0; path = "project-harambe.app"; sourceTree = BUILT_PRODUCTS_DIR; };
		ABBCCB9D1D6D30DD00485B06 /* AppDelegate.swift */ = {isa = PBXFileReference; lastKnownFileType = sourcecode.swift; path = AppDelegate.swift; sourceTree = "<group>"; };
		ABBCCB9F1D6D30DD00485B06 /* ViewController.swift */ = {isa = PBXFileReference; lastKnownFileType = sourcecode.swift; path = ViewController.swift; sourceTree = "<group>"; };
		ABBCCBA21D6D30DD00485B06 /* Base */ = {isa = PBXFileReference; lastKnownFileType = file.storyboard; name = Base; path = Base.lproj/Main.storyboard; sourceTree = "<group>"; };
		ABBCCBA41D6D30DD00485B06 /* Assets.xcassets */ = {isa = PBXFileReference; lastKnownFileType = folder.assetcatalog; path = Assets.xcassets; sourceTree = "<group>"; };
		ABBCCBA71D6D30DD00485B06 /* Base */ = {isa = PBXFileReference; lastKnownFileType = file.storyboard; name = Base; path = Base.lproj/LaunchScreen.storyboard; sourceTree = "<group>"; };
		ABBCCBA91D6D30DD00485B06 /* Info.plist */ = {isa = PBXFileReference; lastKnownFileType = text.plist.xml; path = Info.plist; sourceTree = "<group>"; };
		ABBCCBAE1D6D30DD00485B06 /* project-harambeTests.xctest */ = {isa = PBXFileReference; explicitFileType = wrapper.cfbundle; includeInIndex = 0; path = "project-harambeTests.xctest"; sourceTree = BUILT_PRODUCTS_DIR; };
		ABBCCBB21D6D30DD00485B06 /* project_harambeTests.swift */ = {isa = PBXFileReference; lastKnownFileType = sourcecode.swift; path = project_harambeTests.swift; sourceTree = "<group>"; };
		ABBCCBB41D6D30DD00485B06 /* Info.plist */ = {isa = PBXFileReference; lastKnownFileType = text.plist.xml; path = Info.plist; sourceTree = "<group>"; };
/* End PBXFileReference section */

/* Begin PBXFrameworksBuildPhase section */
		ABBCCB971D6D30DD00485B06 /* Frameworks */ = {
			isa = PBXFrameworksBuildPhase;
			buildActionMask = 2147483647;
			files = (
			);
			runOnlyForDeploymentPostprocessing = 0;
		};
		ABBCCBAB1D6D30DD00485B06 /* Frameworks */ = {
			isa = PBXFrameworksBuildPhase;
			buildActionMask = 2147483647;
			files = (
			);
			runOnlyForDeploymentPostprocessing = 0;
		};
/* End PBXFrameworksBuildPhase section */

/* Begin PBXGroup section */
		ABBCCB911D6D30DD00485B06 = {
			isa = PBXGroup;
			children = (
				ABBCCB9C1D6D30DD00485B06 /* project-harambe */,
				ABBCCBB11D6D30DD00485B06 /* project-harambeTests */,
				ABBCCB9B1D6D30DD00485B06 /* Products */,
			);
			sourceTree = "<group>";
		};
		ABBCCB9B1D6D30DD00485B06 /* Products */ = {
			isa = PBXGroup;
			children = (
				ABBCCB9A1D6D30DD00485B06 /* project-harambe.app */,
				ABBCCBAE1D6D30DD00485B06 /* project-harambeTests.xctest */,
			);
			name = Products;
			sourceTree = "<group>";
		};
		ABBCCB9C1D6D30DD00485B06 /* project-harambe */ = {
			isa = PBXGroup;
			children = (
				ABBCCB9D1D6D30DD00485B06 /* AppDelegate.swift */,
				ABBCCB9F1D6D30DD00485B06 /* ViewController.swift */,
				ABBCCBA11D6D30DD00485B06 /* Main.storyboard */,
				ABBCCBA41D6D30DD00485B06 /* Assets.xcassets */,
				ABBCCBA61D6D30DD00485B06 /* LaunchScreen.storyboard */,
				ABBCCBA91D6D30DD00485B06 /* Info.plist */,
			);
			path = "project-harambe";
			sourceTree = "<group>";
		};
		ABBCCBB11D6D30DD00485B06 /* project-harambeTests */ = {
			isa = PBXGroup;
			children = (
				ABBCCBB21D6D30DD00485B06 /* project_harambeTests.swift */,
				ABBCCBB41D6D30DD00485B06 /* Info.plist */,
			);
			path = "project-harambeTests";
			sourceTree = "<group>";
		};
/* End PBXGroup section */

/* Begin PBXNativeTarget section */
		ABBCCB991D6D30DD00485B06 /* project-harambe */ = {
			isa = PBXNativeTarget;
			buildConfigurationList = ABBCCBB71D6D30DD00485B06 /* Build configuration list for PBXNativeTarget "project-harambe" */;
			buildPhases = (
				ABBCCB961D6D30DD00485B06 /* Sources */,
				ABBCCB971D6D30DD00485B06 /* Frameworks */,
				ABBCCB981D6D30DD00485B06 /* Resources */,
			);
			buildRules = (
			);
			dependencies = (
			);
			name = "project-harambe";
			productName = "project-harambe";
			productReference = ABBCCB9A1D6D30DD00485B06 /* project-harambe.app */;
			productType = "com.apple.product-type.application";
		};
		ABBCCBAD1D6D30DD00485B06 /* project-harambeTests */ = {
			isa = PBXNativeTarget;
			buildConfigurationList = ABBCCBBA1D6D30DD00485B06 /* Build configuration list for PBXNativeTarget "project-harambeTests" */;
			buildPhases = (
				ABBCCBAA1D6D30DD00485B06 /* Sources */,
				ABBCCBAB1D6D30DD00485B06 /* Frameworks */,
				ABBCCBAC1D6D30DD00485B06 /* Resources */,
			);
			buildRules = (
			);
			dependencies = (
				ABBCCBB01D6D30DD00485B06 /* PBXTargetDependency */,
			);
			name = "project-harambeTests";
			productName = "project-harambeTests";
			productReference = ABBCCBAE1D6D30DD00485B06 /* project-harambeTests.xctest */;
			productType = "com.apple.product-type.bundle.unit-test";
		};
/* End PBXNativeTarget section */

/* Begin PBXProject section */
		ABBCCB921D6D30DD00485B06 /* Project object */ = {
			isa = PBXProject;
			attributes = {
				LastSwiftUpdateCheck = 0730;
				LastUpgradeCheck = 0730;
				ORGANIZATIONNAME = cincinnatizoo;
				TargetAttributes = {
					ABBCCB991D6D30DD00485B06 = {
						CreatedOnToolsVersion = 7.3.1;
					};
					ABBCCBAD1D6D30DD00485B06 = {
						CreatedOnToolsVersion = 7.3.1;
						TestTargetID = ABBCCB991D6D30DD00485B06;
					};
				};
			};
			buildConfigurationList = ABBCCB951D6D30DD00485B06 /* Build configuration list for PBXProject "project-harambe" */;
			compatibilityVersion = "Xcode 3.2";
			developmentRegion = English;
			hasScannedForEncodings = 0;
			knownRegions = (
				en,
				Base,
			);
			mainGroup = ABBCCB911D6D30DD00485B06;
			productRefGroup = ABBCCB9B1D6D30DD00485B06 /* Products */;
			projectDirPath = "";
			projectRoot = "";
			targets = (
				ABBCCB991D6D30DD00485B06 /* project-harambe */,
				ABBCCBAD1D6D30DD00485B06 /* project-harambeTests */,
			);
		};
/* End PBXProject section */

/* Begin PBXResourcesBuildPhase section */
		ABBCCB981D6D30DD00485B06 /* Resources */ = {
			isa = PBXResourcesBuildPhase;
			buildActionMask = 2147483647;
			files = (
				ABBCCBA81D6D30DD00485B06 /* LaunchScreen.storyboard in Resources */,
				ABBCCBA51D6D30DD00485B06 /* Assets.xcassets in Resources */,
				ABBCCBA31D6D30DD00485B06 /* Main.storyboard in Resources */,
			);
			runOnlyForDeploymentPostprocessing = 0;
		};
		ABBCCBAC1D6D30DD00485B06 /* Resources */ = {
			isa = PBXResourcesBuildPhase;
			buildActionMask = 2147483647;
			files = (
			);
			runOnlyForDeploymentPostprocessing = 0;
		};
/* End PBXResourcesBuildPhase section */

/* Begin PBXSourcesBuildPhase section */
		ABBCCB961D6D30DD00485B06 /* Sources */ = {
			isa = PBXSourcesBuildPhase;
			buildActionMask = 2147483647;
			files = (
				ABBCCBA01D6D30DD00485B06 /* ViewController.swift in Sources */,
				ABBCCB9E1D6D30DD00485B06 /* AppDelegate.swift in Sources */,
			);
			runOnlyForDeploymentPostprocessing = 0;
		};
		ABBCCBAA1D6D30DD00485B06 /* Sources */ = {
			isa = PBXSourcesBuildPhase;
			buildActionMask = 2147483647;
			files = (
				ABBCCBB31D6D30DD00485B06 /* project_harambeTests.swift in Sources */,
			);
			runOnlyForDeploymentPostprocessing = 0;
		};
/* End PBXSourcesBuildPhase section */

/* Begin PBXTargetDependency section */
		ABBCCBB01D6D30DD00485B06 /* PBXTargetDependency */ = {
			isa = PBXTargetDependency;
			target = ABBCCB991D6D30DD00485B06 /* project-harambe */;
			targetProxy = ABBCCBAF1D6D30DD00485B06 /* PBXContainerItemProxy */;
		};
/* End PBXTargetDependency section */

/* Begin PBXVariantGroup section */
		ABBCCBA11D6D30DD00485B06 /* Main.storyboard */ = {
			isa = PBXVariantGroup;
			children = (
				ABBCCBA21D6D30DD00485B06 /* Base */,
			);
			name = Main.storyboard;
			sourceTree = "<group>";
		};
		ABBCCBA61D6D30DD00485B06 /* LaunchScreen.storyboard */ = {
			isa = PBXVariantGroup;
			children = (
				ABBCCBA71D6D30DD00485B06 /* Base */,
			);
			name = LaunchScreen.storyboard;
			sourceTree = "<group>";
		};
/* End PBXVariantGroup section */

/* Begin XCBuildConfiguration section */
		ABBCCBB51D6D30DD00485B06 /* Debug */ = {
			isa = XCBuildConfiguration;
			buildSettings = {
				ALWAYS_SEARCH_USER_PATHS = NO;
				CLANG_ANALYZER_NONNULL = YES;
				CLANG_CXX_LANGUAGE_STANDARD = "gnu++0x";
				CLANG_CXX_LIBRARY = "libc++";
				CLANG_ENABLE_MODULES = YES;
				CLANG_ENABLE_OBJC_ARC = YES;
				CLANG_WARN_BOOL_CONVERSION = YES;
				CLANG_WARN_CONSTANT_CONVERSION = YES;
				CLANG_WARN_DIRECT_OBJC_ISA_USAGE = YES_ERROR;
				CLANG_WARN_EMPTY_BODY = YES;
				CLANG_WARN_ENUM_CONVERSION = YES;
				CLANG_WARN_INT_CONVERSION = YES;
				CLANG_WARN_OBJC_ROOT_CLASS = YES_ERROR;
				CLANG_WARN_UNREACHABLE_CODE = YES;
				CLANG_WARN__DUPLICATE_METHOD_MATCH = YES;
				"CODE_SIGN_IDENTITY[sdk=iphoneos*]" = "iPhone Developer";
				COPY_PHASE_STRIP = NO;
				DEBUG_INFORMATION_FORMAT = dwarf;
				ENABLE_STRICT_OBJC_MSGSEND = YES;
				ENABLE_TESTABILITY = YES;
				GCC_C_LANGUAGE_STANDARD = gnu99;
				GCC_DYNAMIC_NO_PIC = NO;
				GCC_NO_COMMON_BLOCKS = YES;
				GCC_OPTIMIZATION_LEVEL = 0;
				GCC_PREPROCESSOR_DEFINITIONS = (
					"DEBUG=1",
					"$(inherited)",
				);
				GCC_WARN_64_TO_32_BIT_CONVERSION = YES;
				GCC_WARN_ABOUT_RETURN_TYPE = YES_ERROR;
				GCC_WARN_UNDECLARED_SELECTOR = YES;
				GCC_WARN_UNINITIALIZED_AUTOS = YES_AGGRESSIVE;
				GCC_WARN_UNUSED_FUNCTION = YES;
				GCC_WARN_UNUSED_VARIABLE = YES;
				IPHONEOS_DEPLOYMENT_TARGET = 9.3;
				MTL_ENABLE_DEBUG_INFO = YES;
				ONLY_ACTIVE_ARCH = YES;
				SDKROOT = iphoneos;
				SWIFT_OPTIMIZATION_LEVEL = "-Onone";
				TARGETED_DEVICE_FAMILY = "1,2";
			};
			name = Debug;
		};
		ABBCCBB61D6D30DD00485B06 /* Release */ = {
			isa = XCBuildConfiguration;
			buildSettings = {
				ALWAYS_SEARCH_USER_PATHS = NO;
				CLANG_ANALYZER_NONNULL = YES;
				CLANG_CXX_LANGUAGE_STANDARD = "gnu++0x";
				CLANG_CXX_LIBRARY = "libc++";
				CLANG_ENABLE_MODULES = YES;
				CLANG_ENABLE_OBJC_ARC = YES;
				CLANG_WARN_BOOL_CONVERSION = YES;
				CLANG_WARN_CONSTANT_CONVERSION = YES;
				CLANG_WARN_DIRECT_OBJC_ISA_USAGE = YES_ERROR;
				CLANG_WARN_EMPTY_BODY = YES;
				CLANG_WARN_ENUM_CONVERSION = YES;
				CLANG_WARN_INT_CONVERSION = YES;
				CLANG_WARN_OBJC_ROOT_CLASS = YES_ERROR;
				CLANG_WARN_UNREACHABLE_CODE = YES;
				CLANG_WARN__DUPLICATE_METHOD_MATCH = YES;
				"CODE_SIGN_IDENTITY[sdk=iphoneos*]" = "iPhone Developer";
				COPY_PHASE_STRIP = NO;
				DEBUG_INFORMATION_FORMAT = "dwarf-with-dsym";
				ENABLE_NS_ASSERTIONS = NO;
				ENABLE_STRICT_OBJC_MSGSEND = YES;
				GCC_C_LANGUAGE_STANDARD = gnu99;
				GCC_NO_COMMON_BLOCKS = YES;
				GCC_WARN_64_TO_32_BIT_CONVERSION = YES;
				GCC_WARN_ABOUT_RETURN_TYPE = YES_ERROR;
				GCC_WARN_UNDECLARED_SELECTOR = YES;
				GCC_WARN_UNINITIALIZED_AUTOS = YES_AGGRESSIVE;
				GCC_WARN_UNUSED_FUNCTION = YES;
				GCC_WARN_UNUSED_VARIABLE = YES;
				IPHONEOS_DEPLOYMENT_TARGET = 9.3;
				MTL_ENABLE_DEBUG_INFO = NO;
				SDKROOT = iphoneos;
				TARGETED_DEVICE_FAMILY = "1,2";
				VALIDATE_PRODUCT = YES;
			};
			name = Release;
		};
		ABBCCBB81D6D30DD00485B06 /* Debug */ = {
			isa = XCBuildConfiguration;
			buildSettings = {
				ASSETCATALOG_COMPILER_APPICON_NAME = AppIcon;
				INFOPLIST_FILE = "project-harambe/Info.plist";
				LD_RUNPATH_SEARCH_PATHS = "$(inherited) @executable_path/Frameworks";
				PRODUCT_BUNDLE_IDENTIFIER = "CZ.project-harambe";
				PRODUCT_NAME = "$(TARGET_NAME)";
			};
			name = Debug;
		};
		ABBCCBB91D6D30DD00485B06 /* Release */ = {
			isa = XCBuildConfiguration;
			buildSettings = {
				ASSETCATALOG_COMPILER_APPICON_NAME = AppIcon;
				INFOPLIST_FILE = "project-harambe/Info.plist";
				LD_RUNPATH_SEARCH_PATHS = "$(inherited) @executable_path/Frameworks";
				PRODUCT_BUNDLE_IDENTIFIER = "CZ.project-harambe";
				PRODUCT_NAME = "$(TARGET_NAME)";
			};
			name = Release;
		};
		ABBCCBBB1D6D30DD00485B06 /* Debug */ = {
			isa = XCBuildConfiguration;
			buildSettings = {
				BUNDLE_LOADER = "$(TEST_HOST)";
				INFOPLIST_FILE = "project-harambeTests/Info.plist";
				LD_RUNPATH_SEARCH_PATHS = "$(inherited) @executable_path/Frameworks @loader_path/Frameworks";
				PRODUCT_BUNDLE_IDENTIFIER = "CZ.project-harambeTests";
				PRODUCT_NAME = "$(TARGET_NAME)";
				TEST_HOST = "$(BUILT_PRODUCTS_DIR)/project-harambe.app/project-harambe";
			};
			name = Debug;
		};
		ABBCCBBC1D6D30DD00485B06 /* Release */ = {
			isa = XCBuildConfiguration;
			buildSettings = {
				BUNDLE_LOADER = "$(TEST_HOST)";
				INFOPLIST_FILE = "project-harambeTests/Info.plist";
				LD_RUNPATH_SEARCH_PATHS = "$(inherited) @executable_path/Frameworks @loader_path/Frameworks";
				PRODUCT_BUNDLE_IDENTIFIER = "CZ.project-harambeTests";
				PRODUCT_NAME = "$(TARGET_NAME)";
				TEST_HOST = "$(BUILT_PRODUCTS_DIR)/project-harambe.app/project-harambe";
			};
			name = Release;
		};
/* End XCBuildConfiguration section */

/* Begin XCConfigurationList section */
		ABBCCB951D6D30DD00485B06 /* Build configuration list for PBXProject "project-harambe" */ = {
			isa = XCConfigurationList;
			buildConfigurations = (
				ABBCCBB51D6D30DD00485B06 /* Debug */,
				ABBCCBB61D6D30DD00485B06 /* Release */,
			);
			defaultConfigurationIsVisible = 0;
			defaultConfigurationName = Release;
		};
		ABBCCBB71D6D30DD00485B06 /* Build configuration list for PBXNativeTarget "project-harambe" */ = {
			isa = XCConfigurationList;
			buildConfigurations = (
				ABBCCBB81D6D30DD00485B06 /* Debug */,
				ABBCCBB91D6D30DD00485B06 /* Release */,
			);
			defaultConfigurationIsVisible = 0;
		};
		ABBCCBBA1D6D30DD00485B06 /* Build configuration list for PBXNativeTarget "project-harambeTests" */ = {
			isa = XCConfigurationList;
			buildConfigurations = (
				ABBCCBBB1D6D30DD00485B06 /* Debug */,
				ABBCCBBC1D6D30DD00485B06 /* Release */,
			);
			defaultConfigurationIsVisible = 0;
		};
/* End XCConfigurationList section */
	};
	rootObject = ABBCCB921D6D30DD00485B06 /* Project object */;
}
